{
  "name": "log-actions",
  "version": "1.0.0",
  "lockfileVersion": 3,
  "requires": true,
  "packages": {
    "": {
      "name": "log-actions",
      "version": "1.0.0",
      "license": "ISC",
      "workspaces": [
        "packages/*"
      ],
      "dependencies": {
        "@actions/core": "^1.10.1",
        "@websublime/workspace-tools": "^0.7.4"
      }
    },
    "node_modules/@actions/core": {
      "version": "1.10.1",
      "resolved": "https://registry.npmjs.org/@actions/core/-/core-1.10.1.tgz",
      "integrity": "sha512-3lBR9EDAY+iYIpTnTIXmWcNbX3T2kCkAEQGIQx4NVQ0575nk2k3GRZDTPQG+vVtS2izSLmINlxXf0uLtnrTP+g==",
      "license": "MIT",
      "dependencies": {
        "@actions/http-client": "^2.0.1",
        "uuid": "^8.3.2"
      }
    },
    "node_modules/@actions/http-client": {
      "version": "2.2.1",
      "resolved": "https://registry.npmjs.org/@actions/http-client/-/http-client-2.2.1.tgz",
      "integrity": "sha512-KhC/cZsq7f8I4LfZSJKgCvEwfkE8o1538VoBeoGzokVLLnbFDEAdFD3UhoMklxo2un9NJVBdANOresx7vTHlHw==",
      "license": "MIT",
      "dependencies": {
        "tunnel": "^0.0.6",
        "undici": "^5.25.4"
      }
    },
    "node_modules/@fastify/busboy": {
      "version": "2.1.1",
      "resolved": "https://registry.npmjs.org/@fastify/busboy/-/busboy-2.1.1.tgz",
      "integrity": "sha512-vBZP4NlzfOlerQTnba4aqZoMhE/a9HY7HRqoOPaETQcSQuWEIyZMHGfVu6w9wGtGK5fED5qRs2DteVCjOH60sA==",
      "license": "MIT",
      "engines": {
        "node": ">=14"
      }
    },
    "node_modules/@scope/package-a": {
      "resolved": "packages/package-a",
      "link": true
    },
    "node_modules/@types/node": {
      "version": "20.14.11",
      "resolved": "https://registry.npmjs.org/@types/node/-/node-20.14.11.tgz",
      "integrity": "sha512-kprQpL8MMeszbz6ojB5/tU8PLN4kesnN8Gjzw349rDlNgsSzg90lAVj3llK99Dh7JON+t9AuscPPFW6mPbTnSA==",
      "license": "MIT",
      "dependencies": {
        "undici-types": "~5.26.4"
      }
    },
    "node_modules/@websublime/workspace-tools": {
      "version": "0.7.4",
      "resolved": "https://registry.npmjs.org/@websublime/workspace-tools/-/workspace-tools-0.7.4.tgz",
      "integrity": "sha512-JPneB/L/Q6IyxFNKNuqczrO1t18EyffoiNXzjHGwABHmpTwD6SDgtgNe/UJtE0bU83qu2KP4BlM4tau9fJI0Yg==",
      "license": "MIT",
      "dependencies": {
        "@types/node": "^20.14.11"
      },
      "engines": {
        "node": ">= 10"
      },
      "optionalDependencies": {
        "@websublime/workspace-tools-darwin-arm64": "0.7.4",
        "@websublime/workspace-tools-darwin-x64": "0.7.4",
        "@websublime/workspace-tools-linux-arm-gnueabihf": "0.7.4",
        "@websublime/workspace-tools-linux-arm64-gnu": "0.7.4",
        "@websublime/workspace-tools-linux-arm64-musl": "0.7.4",
        "@websublime/workspace-tools-linux-x64-gnu": "0.7.4",
        "@websublime/workspace-tools-linux-x64-musl": "0.7.4",
        "@websublime/workspace-tools-win32-arm64-msvc": "0.7.4",
        "@websublime/workspace-tools-win32-ia32-msvc": "0.7.4",
        "@websublime/workspace-tools-win32-x64-msvc": "0.7.4"
      }
    },
    "node_modules/@websublime/workspace-tools-darwin-arm64": {
      "version": "0.7.4",
      "resolved": "https://registry.npmjs.org/@websublime/workspace-tools-darwin-arm64/-/workspace-tools-darwin-arm64-0.7.4.tgz",
      "integrity": "sha512-jWWIxaxUe93SAbm0jIN5BMvtyApCVMXuuvN0zdCcu7UxgwL06m6Tc7Mf4DJiOh2n/5r8UyQkqwXQCHEg/tXz4w==",
      "cpu": [
        "arm64"
      ],
      "license": "MIT",
      "optional": true,
      "os": [
        "darwin"
      ],
      "engines": {
        "node": ">= 10"
      }
    },
    "node_modules/@websublime/workspace-tools-darwin-x64": {
      "version": "0.7.4",
      "resolved": "https://registry.npmjs.org/@websublime/workspace-tools-darwin-x64/-/workspace-tools-darwin-x64-0.7.4.tgz",
      "integrity": "sha512-dM3K9EJGL2iIJfqfRowplVmVbVs+Iwc/YPaPL/A3xWoZlkq7lO1dcL3l4D9Tv4ffFRDukfErjDfDzDWD7ulJ8Q==",
      "cpu": [
        "x64"
      ],
      "license": "MIT",
      "optional": true,
      "os": [
        "darwin"
      ],
      "engines": {
        "node": ">= 10"
      }
    },
    "node_modules/@websublime/workspace-tools-linux-arm-gnueabihf": {
      "version": "0.7.4",
      "resolved": "https://registry.npmjs.org/@websublime/workspace-tools-linux-arm-gnueabihf/-/workspace-tools-linux-arm-gnueabihf-0.7.4.tgz",
      "integrity": "sha512-wKzi8bjSc9LSSHoTMpd27cIEL6h8jHK4GjU1mofQD/I4JJHtfW8ST3nuBNKPk4zEuMaHnbFVdQ5zqH+75Xi9PA==",
      "cpu": [
        "arm"
      ],
      "license": "MIT",
      "optional": true,
      "os": [
        "linux"
      ],
      "engines": {
        "node": ">= 10"
      }
    },
    "node_modules/@websublime/workspace-tools-linux-arm64-gnu": {
      "version": "0.7.4",
      "resolved": "https://registry.npmjs.org/@websublime/workspace-tools-linux-arm64-gnu/-/workspace-tools-linux-arm64-gnu-0.7.4.tgz",
      "integrity": "sha512-omtxMVuF5tMw1qe0wS2Fza6AP0Evt+b2hqJeKE6dX7n0n+UOODllpCyFq1iyUSVG97dOHO4xne1WLTDbBBPHzA==",
      "cpu": [
        "arm64"
      ],
      "license": "MIT",
      "optional": true,
      "os": [
        "linux"
      ],
      "engines": {
        "node": ">= 10"
      }
    },
    "node_modules/@websublime/workspace-tools-linux-arm64-musl": {
      "version": "0.7.4",
      "resolved": "https://registry.npmjs.org/@websublime/workspace-tools-linux-arm64-musl/-/workspace-tools-linux-arm64-musl-0.7.4.tgz",
      "integrity": "sha512-xSkIR4Puu7ff/UKXJwSeia3ubNXdVUFAsh4/HZq1FA1+RZK2dGg0ZMKZtp16Fady8+zceLmgCNQHexIDRceAcA==",
      "cpu": [
        "arm64"
      ],
      "license": "MIT",
      "optional": true,
      "os": [
        "linux"
      ],
      "engines": {
        "node": ">= 10"
      }
    },
    "node_modules/@websublime/workspace-tools-linux-x64-gnu": {
      "version": "0.7.4",
      "resolved": "https://registry.npmjs.org/@websublime/workspace-tools-linux-x64-gnu/-/workspace-tools-linux-x64-gnu-0.7.4.tgz",
      "integrity": "sha512-IzHBb6MV/w7NIDhukxvFGHsPKmtx90MsTkQP6AZgcS25Ty0ad6CExG2hr3NWtfF1soIqOcIF6TcXP8VnxTLz9A==",
      "cpu": [
        "x64"
      ],
      "license": "MIT",
      "optional": true,
      "os": [
        "linux"
      ],
      "engines": {
        "node": ">= 10"
      }
    },
    "node_modules/@websublime/workspace-tools-linux-x64-musl": {
      "version": "0.7.4",
      "resolved": "https://registry.npmjs.org/@websublime/workspace-tools-linux-x64-musl/-/workspace-tools-linux-x64-musl-0.7.4.tgz",
      "integrity": "sha512-sdacem+qK0UANU38qTqcIq4F9+HWEdqm1ZghRxuyTrsJ0n+7Y7rbvhIGzu4c79gqEyhiV195NSPxgFNmw5e/9A==",
      "cpu": [
        "x64"
      ],
      "license": "MIT",
      "optional": true,
      "os": [
        "linux"
      ],
      "engines": {
        "node": ">= 10"
      }
    },
    "node_modules/@websublime/workspace-tools-win32-arm64-msvc": {
      "version": "0.7.4",
      "resolved": "https://registry.npmjs.org/@websublime/workspace-tools-win32-arm64-msvc/-/workspace-tools-win32-arm64-msvc-0.7.4.tgz",
      "integrity": "sha512-jqc/CNpgMQzh9ykg2lqPNC3GmltrzAeyGAYpvAVAAEI5YijcZCHffpaWoF39GJ8fz4nn3DwskUaFyIOf+dBz6A==",
      "cpu": [
        "arm64"
      ],
      "license": "MIT",
      "optional": true,
      "os": [
        "win32"
      ],
      "engines": {
        "node": ">= 10"
      }
    },
    "node_modules/@websublime/workspace-tools-win32-ia32-msvc": {
      "version": "0.7.4",
      "resolved": "https://registry.npmjs.org/@websublime/workspace-tools-win32-ia32-msvc/-/workspace-tools-win32-ia32-msvc-0.7.4.tgz",
      "integrity": "sha512-AhRc8W3JaNVqtk712Sm44muf/9+AJY0oPD3pPYeof4FlzAIjmZFlrySw8Ck1QNvgz1zMNmfrNm8lRY1KFhBqGA==",
      "cpu": [
        "ia32"
      ],
      "license": "MIT",
      "optional": true,
      "os": [
        "win32"
      ],
      "engines": {
        "node": ">= 10"
      }
    },
    "node_modules/@websublime/workspace-tools-win32-x64-msvc": {
      "version": "0.7.4",
      "resolved": "https://registry.npmjs.org/@websublime/workspace-tools-win32-x64-msvc/-/workspace-tools-win32-x64-msvc-0.7.4.tgz",
      "integrity": "sha512-nqjwRtvCG2fp75pfsVvQWBrEB57TR4aswl/JkTUOy/qGDSpKjmMBHtIWSaHvdi8eGrluYi3ZTDC2tdBIy5dIaQ==",
      "cpu": [
        "x64"
      ],
      "license": "MIT",
      "optional": true,
      "os": [
        "win32"
      ],
      "engines": {
        "node": ">= 10"
      }
    },
    "node_modules/tunnel": {
      "version": "0.0.6",
      "resolved": "https://registry.npmjs.org/tunnel/-/tunnel-0.0.6.tgz",
      "integrity": "sha512-1h/Lnq9yajKY2PEbBadPXj3VxsDDu844OnaAo52UVmIzIvwwtBPIuNvkjuzBlTWpfJyUbG3ez0KSBibQkj4ojg==",
      "license": "MIT",
      "engines": {
        "node": ">=0.6.11 <=0.7.0 || >=0.7.3"
      }
    },
    "node_modules/undici": {
      "version": "5.28.4",
      "resolved": "https://registry.npmjs.org/undici/-/undici-5.28.4.tgz",
      "integrity": "sha512-72RFADWFqKmUb2hmmvNODKL3p9hcB6Gt2DOQMis1SEBaV6a4MH8soBvzg+95CYhCKPFedut2JY9bMfrDl9D23g==",
      "license": "MIT",
      "dependencies": {
        "@fastify/busboy": "^2.0.0"
      },
      "engines": {
        "node": ">=14.0"
      }
    },
    "node_modules/undici-types": {
      "version": "5.26.5",
      "resolved": "https://registry.npmjs.org/undici-types/-/undici-types-5.26.5.tgz",
      "integrity": "sha512-JlCMO+ehdEIKqlFxk6IfVoAUVmgz7cU7zD/h9XZ0qzeosSHmUJVOzSQvvYSYWXkFXC+IfLKSIffhv0sVZup6pA==",
      "license": "MIT"
    },
    "node_modules/uuid": {
      "version": "8.3.2",
      "resolved": "https://registry.npmjs.org/uuid/-/uuid-8.3.2.tgz",
      "integrity": "sha512-+NYs2QeMWy+GWFOEm9xnn6HCDp0l7QBD7ml8zLUmJ+93Q5NF0NocErnwkTkXVFNiX3/fpC6afS8Dhb/gz7R7eg==",
      "license": "MIT",
      "bin": {
        "uuid": "dist/bin/uuid"
      }
    },
    "packages/package-a": {
      "name": "@scope/package-a",
      "version": "1.0.0",
      "license": "ISC"
    }
  }
}
